
Microsoft Visual Studio Solution File, Format Version 12.00
# Visual Studio 14
VisualStudioVersion = 14.0.25420.1
MinimumVisualStudioVersion = 10.0.40219.1
Project("{FAE04EC0-301F-11D3-BF4B-00C04F79EFBC}") = "Hello CSharp", "Hello CSharp\Hello CSharp.csproj", "{C57F7817-EABF-4506-86BA-9527AFC9A32B}"
EndProject
Project("{FAE04EC0-301F-11D3-BF4B-00C04F79EFBC}") = "PrintNumbers", "PrintNumbers\PrintNumbers.csproj", "{93A380C1-D31A-4A70-A3BE-3275137C3566}"
EndProject
Global
	GlobalSection(SolutionConfigurationPlatforms) = preSolution
		Debug|Any CPU = Debug|Any CPU
		Release|Any CPU = Release|Any CPU
	EndGlobalSection
	GlobalSection(ProjectConfigurationPlatforms) = postSolution
		{C57F7817-EABF-4506-86BA-9527AFC9A32B}.Debug|Any CPU.ActiveCfg = Debug|Any CPU
		{C57F7817-EABF-4506-86BA-9527AFC9A32B}.Debug|Any CPU.Build.0 = Debug|Any CPU
		{C57F7817-EABF-4506-86BA-9527AFC9A32B}.Release|Any CPU.ActiveCfg = Release|Any CPU
		{C57F7817-EABF-4506-86BA-9527AFC9A32B}.Release|Any CPU.Build.0 = Release|Any CPU
		{93A380C1-D31A-4A70-A3BE-3275137C3566}.Debug|Any CPU.ActiveCfg = Debug|Any CPU
		{93A380C1-D31A-4A70-A3BE-3275137C3566}.Debug|Any CPU.Build.0 = Debug|Any CPU
		{93A380C1-D31A-4A70-A3BE-3275137C3566}.Release|Any CPU.ActiveCfg = Release|Any CPU
		{93A380C1-D31A-4A70-A3BE-3275137C3566}.Release|Any CPU.Build.0 = Release|Any CPU
	EndGlobalSection
	GlobalSection(SolutionProperties) = preSolution
		HideSolutionNode = FALSE
	EndGlobalSection
EndGlobal
